
Microsoft Visual Studio Solution File, Format Version 12.00
# Visual Studio Version 16
VisualStudioVersion = 16.0.31729.503
MinimumVisualStudioVersion = 10.0.40219.1
Project("{FAE04EC0-301F-11D3-BF4B-00C04F79EFBC}") = "FunctionApp1", "FunctionApp1.csproj", "{903CA748-C1EC-4C48-9007-4DA1A6DA7195}"
EndProject
Global
	GlobalSection(SolutionConfigurationPlatforms) = preSolution
		Debug|Any CPU = Debug|Any CPU
		Release|Any CPU = Release|Any CPU
	EndGlobalSection
	GlobalSection(ProjectConfigurationPlatforms) = postSolution
		{903CA748-C1EC-4C48-9007-4DA1A6DA7195}.Debug|Any CPU.ActiveCfg = Debug|Any CPU
		{903CA748-C1EC-4C48-9007-4DA1A6DA7195}.Debug|Any CPU.Build.0 = Debug|Any CPU
		{903CA748-C1EC-4C48-9007-4DA1A6DA7195}.Release|Any CPU.ActiveCfg = Release|Any CPU
		{903CA748-C1EC-4C48-9007-4DA1A6DA7195}.Release|Any CPU.Build.0 = Release|Any CPU
	EndGlobalSection
	GlobalSection(SolutionProperties) = preSolution
		HideSolutionNode = FALSE
	EndGlobalSection
	GlobalSection(ExtensibilityGlobals) = postSolution
		SolutionGuid = {C19B81E4-3F4A-41C8-87B1-D0A3E9DC2EC2}
	EndGlobalSection
EndGlobal
